// !$*UTF8*$!
{
	archiveVersion = 1;
	classes = {
	};
	objectVersion = 77;
	objects = {

/* Begin PBXBuildFile section */
		F8FE8B242D98FB3800B8ED89 /* FirebaseCore in Frameworks */ = {isa = PBXBuildFile; productRef = F8FE8B232D98FB3800B8ED89 /* FirebaseCore */; };
/* End PBXBuildFile section */

/* Begin PBXContainerItemProxy section */
		F87EFE642D883DDD001E5A73 /* PBXContainerItemProxy */ = {
			isa = PBXContainerItemProxy;
			containerPortal = F87EFE4B2D883DDC001E5A73 /* Project object */;
			proxyType = 1;
			remoteGlobalIDString = F87EFE522D883DDC001E5A73;
			remoteInfo = Revolt;
		};
		F87EFE6E2D883DDD001E5A73 /* PBXContainerItemProxy */ = {
			isa = PBXContainerItemProxy;
			containerPortal = F87EFE4B2D883DDC001E5A73 /* Project object */;
			proxyType = 1;
			remoteGlobalIDString = F87EFE522D883DDC001E5A73;
			remoteInfo = Revolt;
		};
/* End PBXContainerItemProxy section */

/* Begin PBXFileReference section */
		F87EFE532D883DDC001E5A73 /* EVCar.app */ = {isa = PBXFileReference; explicitFileType = wrapper.application; includeInIndex = 0; path = EVCar.app; sourceTree = BUILT_PRODUCTS_DIR; };
		F87EFE632D883DDD001E5A73 /* EVCarTests.xctest */ = {isa = PBXFileReference; explicitFileType = wrapper.cfbundle; includeInIndex = 0; path = EVCarTests.xctest; sourceTree = BUILT_PRODUCTS_DIR; };
		F87EFE6D2D883DDD001E5A73 /* EVCarUITests.xctest */ = {isa = PBXFileReference; explicitFileType = wrapper.cfbundle; includeInIndex = 0; path = EVCarUITests.xctest; sourceTree = BUILT_PRODUCTS_DIR; };
/* End PBXFileReference section */

/* Begin PBXFileSystemSynchronizedRootGroup section */
		F87EFE552D883DDC001E5A73 /* EVCar */ = {
			isa = PBXFileSystemSynchronizedRootGroup;
			path = EVCar;
			sourceTree = "<group>";
		};
		F87EFE662D883DDD001E5A73 /* EVCarTests */ = {
			isa = PBXFileSystemSynchronizedRootGroup;
			path = EVCarTests;
			sourceTree = "<group>";
		};
		F87EFE702D883DDD001E5A73 /* EVCarUITests */ = {
			isa = PBXFileSystemSynchronizedRootGroup;
			path = EVCarUITests;
			sourceTree = "<group>";
		};
/* End PBXFileSystemSynchronizedRootGroup section */

/* Begin PBXFrameworksBuildPhase section */
		F87EFE502D883DDC001E5A73 /* Frameworks */ = {
			isa = PBXFrameworksBuildPhase;
			buildActionMask = 2147483647;
			files = (
				F8FE8B242D98FB3800B8ED89 /* FirebaseCore in Frameworks */,
			);
			runOnlyForDeploymentPostprocessing = 0;
		};
		F87EFE602D883DDD001E5A73 /* Frameworks */ = {
			isa = PBXFrameworksBuildPhase;
			buildActionMask = 2147483647;
			files = (
			);
			runOnlyForDeploymentPostprocessing = 0;
		};
		F87EFE6A2D883DDD001E5A73 /* Frameworks */ = {
			isa = PBXFrameworksBuildPhase;
			buildActionMask = 2147483647;
			files = (
			);
			runOnlyForDeploymentPostprocessing = 0;
		};
/* End PBXFrameworksBuildPhase section */

/* Begin PBXGroup section */
		F87EFE4A2D883DDC001E5A73 = {
			isa = PBXGroup;
			children = (
				F87EFE552D883DDC001E5A73 /* EVCar */,
				F87EFE662D883DDD001E5A73 /* EVCarTests */,
				F87EFE702D883DDD001E5A73 /* EVCarUITests */,
				F8FE8B222D98FB3800B8ED89 /* Frameworks */,
				F87EFE542D883DDC001E5A73 /* Products */,
			);
			sourceTree = "<group>";
		};
		F87EFE542D883DDC001E5A73 /* Products */ = {
			isa = PBXGroup;
			children = (
				F87EFE532D883DDC001E5A73 /* EVCar.app */,
				F87EFE632D883DDD001E5A73 /* EVCarTests.xctest */,
				F87EFE6D2D883DDD001E5A73 /* EVCarUITests.xctest */,
			);
			name = Products;
			sourceTree = "<group>";
		};
		F8FE8B222D98FB3800B8ED89 /* Frameworks */ = {
			isa = PBXGroup;
			children = (
			);
			name = Frameworks;
			sourceTree = "<group>";
		};
/* End PBXGroup section */

/* Begin PBXNativeTarget section */
		F87EFE522D883DDC001E5A73 /* EVCar */ = {
			isa = PBXNativeTarget;
			buildConfigurationList = F87EFE772D883DDD001E5A73 /* Build configuration list for PBXNativeTarget "EVCar" */;
			buildPhases = (
				F87EFE4F2D883DDC001E5A73 /* Sources */,
				F87EFE502D883DDC001E5A73 /* Frameworks */,
				F87EFE512D883DDC001E5A73 /* Resources */,
			);
			buildRules = (
			);
			dependencies = (
			);
			fileSystemSynchronizedGroups = (
				F87EFE552D883DDC001E5A73 /* EVCar */,
			);
			name = EVCar;
			packageProductDependencies = (
				F8FE8B232D98FB3800B8ED89 /* FirebaseCore */,
			);
			productName = Revolt;
			productReference = F87EFE532D883DDC001E5A73 /* EVCar.app */;
			productType = "com.apple.product-type.application";
		};
		F87EFE622D883DDD001E5A73 /* EVCarTests */ = {
			isa = PBXNativeTarget;
			buildConfigurationList = F87EFE7A2D883DDD001E5A73 /* Build configuration list for PBXNativeTarget "EVCarTests" */;
			buildPhases = (
				F87EFE5F2D883DDD001E5A73 /* Sources */,
				F87EFE602D883DDD001E5A73 /* Frameworks */,
				F87EFE612D883DDD001E5A73 /* Resources */,
			);
			buildRules = (
			);
			dependencies = (
				F87EFE652D883DDD001E5A73 /* PBXTargetDependency */,
			);
			fileSystemSynchronizedGroups = (
				F87EFE662D883DDD001E5A73 /* EVCarTests */,
			);
			name = EVCarTests;
			packageProductDependencies = (
			);
			productName = RevoltTests;
			productReference = F87EFE632D883DDD001E5A73 /* EVCarTests.xctest */;
			productType = "com.apple.product-type.bundle.unit-test";
		};
		F87EFE6C2D883DDD001E5A73 /* EVCarUITests */ = {
			isa = PBXNativeTarget;
			buildConfigurationList = F87EFE7D2D883DDD001E5A73 /* Build configuration list for PBXNativeTarget "EVCarUITests" */;
			buildPhases = (
				F87EFE692D883DDD001E5A73 /* Sources */,
				F87EFE6A2D883DDD001E5A73 /* Frameworks */,
				F87EFE6B2D883DDD001E5A73 /* Resources */,
			);
			buildRules = (
			);
			dependencies = (
				F87EFE6F2D883DDD001E5A73 /* PBXTargetDependency */,
			);
			fileSystemSynchronizedGroups = (
				F87EFE702D883DDD001E5A73 /* EVCarUITests */,
			);
			name = EVCarUITests;
			packageProductDependencies = (
			);
			productName = RevoltUITests;
			productReference = F87EFE6D2D883DDD001E5A73 /* EVCarUITests.xctest */;
			productType = "com.apple.product-type.bundle.ui-testing";
		};
/* End PBXNativeTarget section */

/* Begin PBXProject section */
		F87EFE4B2D883DDC001E5A73 /* Project object */ = {
			isa = PBXProject;
			attributes = {
				BuildIndependentTargetsInParallel = 1;
				LastSwiftUpdateCheck = 1620;
				LastUpgradeCheck = 1620;
				TargetAttributes = {
					F87EFE522D883DDC001E5A73 = {
						CreatedOnToolsVersion = 16.2;
					};
					F87EFE622D883DDD001E5A73 = {
						CreatedOnToolsVersion = 16.2;
						TestTargetID = F87EFE522D883DDC001E5A73;
					};
					F87EFE6C2D883DDD001E5A73 = {
						CreatedOnToolsVersion = 16.2;
						TestTargetID = F87EFE522D883DDC001E5A73;
					};
				};
			};
			buildConfigurationList = F87EFE4E2D883DDC001E5A73 /* Build configuration list for PBXProject "EVCar" */;
			developmentRegion = en;
			hasScannedForEncodings = 0;
			knownRegions = (
				en,
				Base,
			);
			mainGroup = F87EFE4A2D883DDC001E5A73;
			minimizedProjectReferenceProxies = 1;
			packageReferences = (
				F8E26F5C2D98F8730017DB25 /* XCRemoteSwiftPackageReference "firebase-ios-sdk" */,
			);
			preferredProjectObjectVersion = 77;
			productRefGroup = F87EFE542D883DDC001E5A73 /* Products */;
			projectDirPath = "";
			projectRoot = "";
			targets = (
				F87EFE522D883DDC001E5A73 /* EVCar */,
				F87EFE622D883DDD001E5A73 /* EVCarTests */,
				F87EFE6C2D883DDD001E5A73 /* EVCarUITests */,
			);
		};
/* End PBXProject section */

/* Begin PBXResourcesBuildPhase section */
		F87EFE512D883DDC001E5A73 /* Resources */ = {
			isa = PBXResourcesBuildPhase;
			buildActionMask = 2147483647;
			files = (
			);
			runOnlyForDeploymentPostprocessing = 0;
		};
		F87EFE612D883DDD001E5A73 /* Resources */ = {
			isa = PBXResourcesBuildPhase;
			buildActionMask = 2147483647;
			files = (
			);
			runOnlyForDeploymentPostprocessing = 0;
		};
		F87EFE6B2D883DDD001E5A73 /* Resources */ = {
			isa = PBXResourcesBuildPhase;
			buildActionMask = 2147483647;
			files = (
			);
			runOnlyForDeploymentPostprocessing = 0;
		};
/* End PBXResourcesBuildPhase section */

/* Begin PBXSourcesBuildPhase section */
		F87EFE4F2D883DDC001E5A73 /* Sources */ = {
			isa = PBXSourcesBuildPhase;
			buildActionMask = 2147483647;
			files = (
			);
			runOnlyForDeploymentPostprocessing = 0;
		};
		F87EFE5F2D883DDD001E5A73 /* Sources */ = {
			isa = PBXSourcesBuildPhase;
			buildActionMask = 2147483647;
			files = (
			);
			runOnlyForDeploymentPostprocessing = 0;
		};
		F87EFE692D883DDD001E5A73 /* Sources */ = {
			isa = PBXSourcesBuildPhase;
			buildActionMask = 2147483647;
			files = (
			);
			runOnlyForDeploymentPostprocessing = 0;
		};
/* End PBXSourcesBuildPhase section */

/* Begin PBXTargetDependency section */
		F87EFE652D883DDD001E5A73 /* PBXTargetDependency */ = {
			isa = PBXTargetDependency;
			target = F87EFE522D883DDC001E5A73 /* EVCar */;
			targetProxy = F87EFE642D883DDD001E5A73 /* PBXContainerItemProxy */;
		};
		F87EFE6F2D883DDD001E5A73 /* PBXTargetDependency */ = {
			isa = PBXTargetDependency;
			target = F87EFE522D883DDC001E5A73 /* EVCar */;
			targetProxy = F87EFE6E2D883DDD001E5A73 /* PBXContainerItemProxy */;
		};
/* End PBXTargetDependency section */

/* Begin XCBuildConfiguration section */
		F87EFE752D883DDD001E5A73 /* Debug */ = {
			isa = XCBuildConfiguration;
			buildSettings = {
				ALWAYS_SEARCH_USER_PATHS = NO;
				ASSETCATALOG_COMPILER_GENERATE_SWIFT_ASSET_SYMBOL_EXTENSIONS = YES;
				CLANG_ANALYZER_NONNULL = YES;
				CLANG_ANALYZER_NUMBER_OBJECT_CONVERSION = YES_AGGRESSIVE;
				CLANG_CXX_LANGUAGE_STANDARD = "gnu++20";
				CLANG_ENABLE_MODULES = YES;
				CLANG_ENABLE_OBJC_ARC = YES;
				CLANG_ENABLE_OBJC_WEAK = YES;
				CLANG_WARN_BLOCK_CAPTURE_AUTORELEASING = YES;
				CLANG_WARN_BOOL_CONVERSION = YES;
				CLANG_WARN_COMMA = YES;
				CLANG_WARN_CONSTANT_CONVERSION = YES;
				CLANG_WARN_DEPRECATED_OBJC_IMPLEMENTATIONS = YES;
				CLANG_WARN_DIRECT_OBJC_ISA_USAGE = YES_ERROR;
				CLANG_WARN_DOCUMENTATION_COMMENTS = YES;
				CLANG_WARN_EMPTY_BODY = YES;
				CLANG_WARN_ENUM_CONVERSION = YES;
				CLANG_WARN_INFINITE_RECURSION = YES;
				CLANG_WARN_INT_CONVERSION = YES;
				CLANG_WARN_NON_LITERAL_NULL_CONVERSION = YES;
				CLANG_WARN_OBJC_IMPLICIT_RETAIN_SELF = YES;
				CLANG_WARN_OBJC_LITERAL_CONVERSION = YES;
				CLANG_WARN_OBJC_ROOT_CLASS = YES_ERROR;
				CLANG_WARN_QUOTED_INCLUDE_IN_FRAMEWORK_HEADER = YES;
				CLANG_WARN_RANGE_LOOP_ANALYSIS = YES;
				CLANG_WARN_STRICT_PROTOTYPES = YES;
				CLANG_WARN_SUSPICIOUS_MOVE = YES;
				CLANG_WARN_UNGUARDED_AVAILABILITY = YES_AGGRESSIVE;
				CLANG_WARN_UNREACHABLE_CODE = YES;
				CLANG_WARN__DUPLICATE_METHOD_MATCH = YES;
				COPY_PHASE_STRIP = NO;
				DEBUG_INFORMATION_FORMAT = dwarf;
				ENABLE_STRICT_OBJC_MSGSEND = YES;
				ENABLE_TESTABILITY = YES;
				ENABLE_USER_SCRIPT_SANDBOXING = YES;
				GCC_C_LANGUAGE_STANDARD = gnu17;
				GCC_DYNAMIC_NO_PIC = NO;
				GCC_NO_COMMON_BLOCKS = YES;
				GCC_OPTIMIZATION_LEVEL = 0;
				GCC_PREPROCESSOR_DEFINITIONS = (
					"DEBUG=1",
					"$(inherited)",
				);
				GCC_WARN_64_TO_32_BIT_CONVERSION = YES;
				GCC_WARN_ABOUT_RETURN_TYPE = YES_ERROR;
				GCC_WARN_UNDECLARED_SELECTOR = YES;
				GCC_WARN_UNINITIALIZED_AUTOS = YES_AGGRESSIVE;
				GCC_WARN_UNUSED_FUNCTION = YES;
				GCC_WARN_UNUSED_VARIABLE = YES;
				IPHONEOS_DEPLOYMENT_TARGET = 18.2;
				LOCALIZATION_PREFERS_STRING_CATALOGS = YES;
				MTL_ENABLE_DEBUG_INFO = INCLUDE_SOURCE;
				MTL_FAST_MATH = YES;
				ONLY_ACTIVE_ARCH = YES;
				SDKROOT = iphoneos;
				SWIFT_ACTIVE_COMPILATION_CONDITIONS = "DEBUG $(inherited)";
				SWIFT_OPTIMIZATION_LEVEL = "-Onone";
			};
			name = Debug;
		};
		F87EFE762D883DDD001E5A73 /* Release */ = {
			isa = XCBuildConfiguration;
			buildSettings = {
				ALWAYS_SEARCH_USER_PATHS = NO;
				ASSETCATALOG_COMPILER_GENERATE_SWIFT_ASSET_SYMBOL_EXTENSIONS = YES;
				CLANG_ANALYZER_NONNULL = YES;
				CLANG_ANALYZER_NUMBER_OBJECT_CONVERSION = YES_AGGRESSIVE;
				CLANG_CXX_LANGUAGE_STANDARD = "gnu++20";
				CLANG_ENABLE_MODULES = YES;
				CLANG_ENABLE_OBJC_ARC = YES;
				CLANG_ENABLE_OBJC_WEAK = YES;
				CLANG_WARN_BLOCK_CAPTURE_AUTORELEASING = YES;
				CLANG_WARN_BOOL_CONVERSION = YES;
				CLANG_WARN_COMMA = YES;
				CLANG_WARN_CONSTANT_CONVERSION = YES;
				CLANG_WARN_DEPRECATED_OBJC_IMPLEMENTATIONS = YES;
				CLANG_WARN_DIRECT_OBJC_ISA_USAGE = YES_ERROR;
				CLANG_WARN_DOCUMENTATION_COMMENTS = YES;
				CLANG_WARN_EMPTY_BODY = YES;
				CLANG_WARN_ENUM_CONVERSION = YES;
				CLANG_WARN_INFINITE_RECURSION = YES;
				CLANG_WARN_INT_CONVERSION = YES;
				CLANG_WARN_NON_LITERAL_NULL_CONVERSION = YES;
				CLANG_WARN_OBJC_IMPLICIT_RETAIN_SELF = YES;
				CLANG_WARN_OBJC_LITERAL_CONVERSION = YES;
				CLANG_WARN_OBJC_ROOT_CLASS = YES_ERROR;
				CLANG_WARN_QUOTED_INCLUDE_IN_FRAMEWORK_HEADER = YES;
				CLANG_WARN_RANGE_LOOP_ANALYSIS = YES;
				CLANG_WARN_STRICT_PROTOTYPES = YES;
				CLANG_WARN_SUSPICIOUS_MOVE = YES;
				CLANG_WARN_UNGUARDED_AVAILABILITY = YES_AGGRESSIVE;
				CLANG_WARN_UNREACHABLE_CODE = YES;
				CLANG_WARN__DUPLICATE_METHOD_MATCH = YES;
				COPY_PHASE_STRIP = NO;
				DEBUG_INFORMATION_FORMAT = "dwarf-with-dsym";
				ENABLE_NS_ASSERTIONS = NO;
				ENABLE_STRICT_OBJC_MSGSEND = YES;
				ENABLE_USER_SCRIPT_SANDBOXING = YES;
				GCC_C_LANGUAGE_STANDARD = gnu17;
				GCC_NO_COMMON_BLOCKS = YES;
				GCC_WARN_64_TO_32_BIT_CONVERSION = YES;
				GCC_WARN_ABOUT_RETURN_TYPE = YES_ERROR;
				GCC_WARN_UNDECLARED_SELECTOR = YES;
				GCC_WARN_UNINITIALIZED_AUTOS = YES_AGGRESSIVE;
				GCC_WARN_UNUSED_FUNCTION = YES;
				GCC_WARN_UNUSED_VARIABLE = YES;
				IPHONEOS_DEPLOYMENT_TARGET = 18.2;
				LOCALIZATION_PREFERS_STRING_CATALOGS = YES;
				MTL_ENABLE_DEBUG_INFO = NO;
				MTL_FAST_MATH = YES;
				SDKROOT = iphoneos;
				SWIFT_COMPILATION_MODE = wholemodule;
				VALIDATE_PRODUCT = YES;
			};
			name = Release;
		};
		F87EFE782D883DDD001E5A73 /* Debug */ = {
			isa = XCBuildConfiguration;
			buildSettings = {
				ASSETCATALOG_COMPILER_APPICON_NAME = AppIcon;
				ASSETCATALOG_COMPILER_GLOBAL_ACCENT_COLOR_NAME = AccentColor;
				CODE_SIGN_STYLE = Automatic;
				CURRENT_PROJECT_VERSION = 1;
				DEVELOPMENT_ASSET_PATHS = "\"EVCar/Preview Content\"";
				ENABLE_PREVIEWS = YES;
				GENERATE_INFOPLIST_FILE = YES;
				INFOPLIST_FILE = "EVCar/GoogleService-Info.plist";
				INFOPLIST_KEY_UIApplicationSceneManifest_Generation = YES;
				INFOPLIST_KEY_UIApplicationSupportsIndirectInputEvents = YES;
				INFOPLIST_KEY_UILaunchScreen_Generation = YES;
				INFOPLIST_KEY_UISupportedInterfaceOrientations_iPad = "UIInterfaceOrientationPortrait UIInterfaceOrientationPortraitUpsideDown UIInterfaceOrientationLandscapeLeft UIInterfaceOrientationLandscapeRight";
				INFOPLIST_KEY_UISupportedInterfaceOrientations_iPhone = "UIInterfaceOrientationPortrait UIInterfaceOrientationLandscapeLeft UIInterfaceOrientationLandscapeRight";
				LD_RUNPATH_SEARCH_PATHS = (
					"$(inherited)",
					"@executable_path/Frameworks",
				);
				MARKETING_VERSION = 1.0;
				PRODUCT_BUNDLE_IDENTIFIER = me.younsu.park.EVCar;
				PRODUCT_NAME = "$(TARGET_NAME)";
				SWIFT_EMIT_LOC_STRINGS = YES;
				SWIFT_VERSION = 5.0;
				TARGETED_DEVICE_FAMILY = "1,2";
			};
			name = Debug;
		};
		F87EFE792D883DDD001E5A73 /* Release */ = {
			isa = XCBuildConfiguration;
			buildSettings = {
				ASSETCATALOG_COMPILER_APPICON_NAME = AppIcon;
				ASSETCATALOG_COMPILER_GLOBAL_ACCENT_COLOR_NAME = AccentColor;
				CODE_SIGN_STYLE = Automatic;
				CURRENT_PROJECT_VERSION = 1;
				DEVELOPMENT_ASSET_PATHS = "\"EVCar/Preview Content\"";
				ENABLE_PREVIEWS = YES;
				GENERATE_INFOPLIST_FILE = YES;
				INFOPLIST_FILE = "EVCar/GoogleService-Info.plist";
				INFOPLIST_KEY_UIApplicationSceneManifest_Generation = YES;
				INFOPLIST_KEY_UIApplicationSupportsIndirectInputEvents = YES;
				INFOPLIST_KEY_UILaunchScreen_Generation = YES;
				INFOPLIST_KEY_UISupportedInterfaceOrientations_iPad = "UIInterfaceOrientationPortrait UIInterfaceOrientationPortraitUpsideDown UIInterfaceOrientationLandscapeLeft UIInterfaceOrientationLandscapeRight";
				INFOPLIST_KEY_UISupportedInterfaceOrientations_iPhone = "UIInterfaceOrientationPortrait UIInterfaceOrientationLandscapeLeft UIInterfaceOrientationLandscapeRight";
				LD_RUNPATH_SEARCH_PATHS = (
					"$(inherited)",
					"@executable_path/Frameworks",
				);
				MARKETING_VERSION = 1.0;
				PRODUCT_BUNDLE_IDENTIFIER = me.younsu.park.EVCar;
				PRODUCT_NAME = "$(TARGET_NAME)";
				SWIFT_EMIT_LOC_STRINGS = YES;
				SWIFT_VERSION = 5.0;
				TARGETED_DEVICE_FAMILY = "1,2";
			};
			name = Release;
		};
		F87EFE7B2D883DDD001E5A73 /* Debug */ = {
			isa = XCBuildConfiguration;
			buildSettings = {
				BUNDLE_LOADER = "$(TEST_HOST)";
				CODE_SIGN_STYLE = Automatic;
				CURRENT_PROJECT_VERSION = 1;
				GENERATE_INFOPLIST_FILE = YES;
				IPHONEOS_DEPLOYMENT_TARGET = 18.2;
				MARKETING_VERSION = 1.0;
				PRODUCT_BUNDLE_IDENTIFIER = me.younsu.park.RevoltTests;
				PRODUCT_NAME = "$(TARGET_NAME)";
				SWIFT_EMIT_LOC_STRINGS = NO;
				SWIFT_VERSION = 5.0;
				TARGETED_DEVICE_FAMILY = "1,2";
				TEST_HOST = "$(BUILT_PRODUCTS_DIR)/Revolt.app/$(BUNDLE_EXECUTABLE_FOLDER_PATH)/Revolt";
			};
			name = Debug;
		};
		F87EFE7C2D883DDD001E5A73 /* Release */ = {
			isa = XCBuildConfiguration;
			buildSettings = {
				BUNDLE_LOADER = "$(TEST_HOST)";
				CODE_SIGN_STYLE = Automatic;
				CURRENT_PROJECT_VERSION = 1;
				GENERATE_INFOPLIST_FILE = YES;
				IPHONEOS_DEPLOYMENT_TARGET = 18.2;
				MARKETING_VERSION = 1.0;
				PRODUCT_BUNDLE_IDENTIFIER = me.younsu.park.RevoltTests;
				PRODUCT_NAME = "$(TARGET_NAME)";
				SWIFT_EMIT_LOC_STRINGS = NO;
				SWIFT_VERSION = 5.0;
				TARGETED_DEVICE_FAMILY = "1,2";
				TEST_HOST = "$(BUILT_PRODUCTS_DIR)/Revolt.app/$(BUNDLE_EXECUTABLE_FOLDER_PATH)/Revolt";
			};
			name = Release;
		};
		F87EFE7E2D883DDD001E5A73 /* Debug */ = {
			isa = XCBuildConfiguration;
			buildSettings = {
				CODE_SIGN_STYLE = Automatic;
				CURRENT_PROJECT_VERSION = 1;
				GENERATE_INFOPLIST_FILE = YES;
				MARKETING_VERSION = 1.0;
				PRODUCT_BUNDLE_IDENTIFIER = me.younsu.park.RevoltUITests;
				PRODUCT_NAME = "$(TARGET_NAME)";
				SWIFT_EMIT_LOC_STRINGS = NO;
				SWIFT_VERSION = 5.0;
				TARGETED_DEVICE_FAMILY = "1,2";
				TEST_TARGET_NAME = Revolt;
			};
			name = Debug;
		};
		F87EFE7F2D883DDD001E5A73 /* Release */ = {
			isa = XCBuildConfiguration;
			buildSettings = {
				CODE_SIGN_STYLE = Automatic;
				CURRENT_PROJECT_VERSION = 1;
				GENERATE_INFOPLIST_FILE = YES;
				MARKETING_VERSION = 1.0;
				PRODUCT_BUNDLE_IDENTIFIER = me.younsu.park.RevoltUITests;
				PRODUCT_NAME = "$(TARGET_NAME)";
				SWIFT_EMIT_LOC_STRINGS = NO;
				SWIFT_VERSION = 5.0;
				TARGETED_DEVICE_FAMILY = "1,2";
				TEST_TARGET_NAME = Revolt;
			};
			name = Release;
		};
/* End XCBuildConfiguration section */

/* Begin XCConfigurationList section */
		F87EFE4E2D883DDC001E5A73 /* Build configuration list for PBXProject "EVCar" */ = {
			isa = XCConfigurationList;
			buildConfigurations = (
				F87EFE752D883DDD001E5A73 /* Debug */,
				F87EFE762D883DDD001E5A73 /* Release */,
			);
			defaultConfigurationIsVisible = 0;
			defaultConfigurationName = Release;
		};
		F87EFE772D883DDD001E5A73 /* Build configuration list for PBXNativeTarget "EVCar" */ = {
			isa = XCConfigurationList;
			buildConfigurations = (
				F87EFE782D883DDD001E5A73 /* Debug */,
				F87EFE792D883DDD001E5A73 /* Release */,
			);
			defaultConfigurationIsVisible = 0;
			defaultConfigurationName = Release;
		};
		F87EFE7A2D883DDD001E5A73 /* Build configuration list for PBXNativeTarget "EVCarTests" */ = {
			isa = XCConfigurationList;
			buildConfigurations = (
				F87EFE7B2D883DDD001E5A73 /* Debug */,
				F87EFE7C2D883DDD001E5A73 /* Release */,
			);
			defaultConfigurationIsVisible = 0;
			defaultConfigurationName = Release;
		};
		F87EFE7D2D883DDD001E5A73 /* Build configuration list for PBXNativeTarget "EVCarUITests" */ = {
			isa = XCConfigurationList;
			buildConfigurations = (
				F87EFE7E2D883DDD001E5A73 /* Debug */,
				F87EFE7F2D883DDD001E5A73 /* Release */,
			);
			defaultConfigurationIsVisible = 0;
			defaultConfigurationName = Release;
		};
/* End XCConfigurationList section */

/* Begin XCRemoteSwiftPackageReference section */
		F8E26F5C2D98F8730017DB25 /* XCRemoteSwiftPackageReference "firebase-ios-sdk" */ = {
			isa = XCRemoteSwiftPackageReference;
			repositoryURL = "https://github.com/firebase/firebase-ios-sdk";
			requirement = {
				kind = upToNextMajorVersion;
				minimumVersion = 11.10.0;
			};
		};
/* End XCRemoteSwiftPackageReference section */

/* Begin XCSwiftPackageProductDependency section */
		F8FE8B232D98FB3800B8ED89 /* FirebaseCore */ = {
			isa = XCSwiftPackageProductDependency;
			package = F8E26F5C2D98F8730017DB25 /* XCRemoteSwiftPackageReference "firebase-ios-sdk" */;
			productName = FirebaseCore;
		};
/* End XCSwiftPackageProductDependency section */
	};
	rootObject = F87EFE4B2D883DDC001E5A73 /* Project object */;
}
