// !$*UTF8*$!
{
	archiveVersion = 1;
	classes = {
	};
	objectVersion = 77;
	objects = {

/* Begin PBXContainerItemProxy section */
		F84155862DEAA1ED00D40A84 /* PBXContainerItemProxy */ = {
			isa = PBXContainerItemProxy;
			containerPortal = F84155702DEAA1EB00D40A84 /* Project object */;
			proxyType = 1;
			remoteGlobalIDString = F84155772DEAA1EB00D40A84;
			remoteInfo = PillManager;
		};
		F84155902DEAA1ED00D40A84 /* PBXContainerItemProxy */ = {
			isa = PBXContainerItemProxy;
			containerPortal = F84155702DEAA1EB00D40A84 /* Project object */;
			proxyType = 1;
			remoteGlobalIDString = F84155772DEAA1EB00D40A84;
			remoteInfo = PillManager;
		};
/* End PBXContainerItemProxy section */

/* Begin PBXFileReference section */
		F84155782DEAA1EB00D40A84 /* PillManager.app */ = {isa = PBXFileReference; explicitFileType = wrapper.application; includeInIndex = 0; path = PillManager.app; sourceTree = BUILT_PRODUCTS_DIR; };
		F84155852DEAA1ED00D40A84 /* PillManagerTests.xctest */ = {isa = PBXFileReference; explicitFileType = wrapper.cfbundle; includeInIndex = 0; path = PillManagerTests.xctest; sourceTree = BUILT_PRODUCTS_DIR; };
		F841558F2DEAA1ED00D40A84 /* PillManagerUITests.xctest */ = {isa = PBXFileReference; explicitFileType = wrapper.cfbundle; includeInIndex = 0; path = PillManagerUITests.xctest; sourceTree = BUILT_PRODUCTS_DIR; };
/* End PBXFileReference section */

/* Begin PBXFileSystemSynchronizedBuildFileExceptionSet section */
		F841567D2DED287B00D40A84 /* Exceptions for "PillManager" folder in "PillManager" target */ = {
			isa = PBXFileSystemSynchronizedBuildFileExceptionSet;
			membershipExceptions = (
				Info.plist,
			);
			target = F84155772DEAA1EB00D40A84 /* PillManager */;
		};
/* End PBXFileSystemSynchronizedBuildFileExceptionSet section */

/* Begin PBXFileSystemSynchronizedRootGroup section */
		F841557A2DEAA1EB00D40A84 /* PillManager */ = {
			isa = PBXFileSystemSynchronizedRootGroup;
			exceptions = (
				F841567D2DED287B00D40A84 /* Exceptions for "PillManager" folder in "PillManager" target */,
			);
			path = PillManager;
			sourceTree = "<group>";
		};
		F84155882DEAA1ED00D40A84 /* PillManagerTests */ = {
			isa = PBXFileSystemSynchronizedRootGroup;
			path = PillManagerTests;
			sourceTree = "<group>";
		};
		F84155922DEAA1ED00D40A84 /* PillManagerUITests */ = {
			isa = PBXFileSystemSynchronizedRootGroup;
			path = PillManagerUITests;
			sourceTree = "<group>";
		};
/* End PBXFileSystemSynchronizedRootGroup section */

/* Begin PBXFrameworksBuildPhase section */
		F84155752DEAA1EB00D40A84 /* Frameworks */ = {
			isa = PBXFrameworksBuildPhase;
			buildActionMask = 2147483647;
			files = (
			);
			runOnlyForDeploymentPostprocessing = 0;
		};
		F84155822DEAA1ED00D40A84 /* Frameworks */ = {
			isa = PBXFrameworksBuildPhase;
			buildActionMask = 2147483647;
			files = (
			);
			runOnlyForDeploymentPostprocessing = 0;
		};
		F841558C2DEAA1ED00D40A84 /* Frameworks */ = {
			isa = PBXFrameworksBuildPhase;
			buildActionMask = 2147483647;
			files = (
			);
			runOnlyForDeploymentPostprocessing = 0;
		};
/* End PBXFrameworksBuildPhase section */

/* Begin PBXGroup section */
		F841556F2DEAA1EB00D40A84 = {
			isa = PBXGroup;
			children = (
				F841557A2DEAA1EB00D40A84 /* PillManager */,
				F84155882DEAA1ED00D40A84 /* PillManagerTests */,
				F84155922DEAA1ED00D40A84 /* PillManagerUITests */,
				F84155792DEAA1EB00D40A84 /* Products */,
			);
			sourceTree = "<group>";
		};
		F84155792DEAA1EB00D40A84 /* Products */ = {
			isa = PBXGroup;
			children = (
				F84155782DEAA1EB00D40A84 /* PillManager.app */,
				F84155852DEAA1ED00D40A84 /* PillManagerTests.xctest */,
				F841558F2DEAA1ED00D40A84 /* PillManagerUITests.xctest */,
			);
			name = Products;
			sourceTree = "<group>";
		};
/* End PBXGroup section */

/* Begin PBXNativeTarget section */
		F84155772DEAA1EB00D40A84 /* PillManager */ = {
			isa = PBXNativeTarget;
			buildConfigurationList = F84155992DEAA1ED00D40A84 /* Build configuration list for PBXNativeTarget "PillManager" */;
			buildPhases = (
				F84155742DEAA1EB00D40A84 /* Sources */,
				F84155752DEAA1EB00D40A84 /* Frameworks */,
				F84155762DEAA1EB00D40A84 /* Resources */,
			);
			buildRules = (
			);
			dependencies = (
			);
			fileSystemSynchronizedGroups = (
				F841557A2DEAA1EB00D40A84 /* PillManager */,
			);
			name = PillManager;
			packageProductDependencies = (
			);
			productName = PillManager;
			productReference = F84155782DEAA1EB00D40A84 /* PillManager.app */;
			productType = "com.apple.product-type.application";
		};
		F84155842DEAA1ED00D40A84 /* PillManagerTests */ = {
			isa = PBXNativeTarget;
			buildConfigurationList = F841559C2DEAA1ED00D40A84 /* Build configuration list for PBXNativeTarget "PillManagerTests" */;
			buildPhases = (
				F84155812DEAA1ED00D40A84 /* Sources */,
				F84155822DEAA1ED00D40A84 /* Frameworks */,
				F84155832DEAA1ED00D40A84 /* Resources */,
			);
			buildRules = (
			);
			dependencies = (
				F84155872DEAA1ED00D40A84 /* PBXTargetDependency */,
			);
			fileSystemSynchronizedGroups = (
				F84155882DEAA1ED00D40A84 /* PillManagerTests */,
			);
			name = PillManagerTests;
			packageProductDependencies = (
			);
			productName = PillManagerTests;
			productReference = F84155852DEAA1ED00D40A84 /* PillManagerTests.xctest */;
			productType = "com.apple.product-type.bundle.unit-test";
		};
		F841558E2DEAA1ED00D40A84 /* PillManagerUITests */ = {
			isa = PBXNativeTarget;
			buildConfigurationList = F841559F2DEAA1ED00D40A84 /* Build configuration list for PBXNativeTarget "PillManagerUITests" */;
			buildPhases = (
				F841558B2DEAA1ED00D40A84 /* Sources */,
				F841558C2DEAA1ED00D40A84 /* Frameworks */,
				F841558D2DEAA1ED00D40A84 /* Resources */,
			);
			buildRules = (
			);
			dependencies = (
				F84155912DEAA1ED00D40A84 /* PBXTargetDependency */,
			);
			fileSystemSynchronizedGroups = (
				F84155922DEAA1ED00D40A84 /* PillManagerUITests */,
			);
			name = PillManagerUITests;
			packageProductDependencies = (
			);
			productName = PillManagerUITests;
			productReference = F841558F2DEAA1ED00D40A84 /* PillManagerUITests.xctest */;
			productType = "com.apple.product-type.bundle.ui-testing";
		};
/* End PBXNativeTarget section */

/* Begin PBXProject section */
		F84155702DEAA1EB00D40A84 /* Project object */ = {
			isa = PBXProject;
			attributes = {
				BuildIndependentTargetsInParallel = 1;
				LastSwiftUpdateCheck = 1640;
				LastUpgradeCheck = 1640;
				TargetAttributes = {
					F84155772DEAA1EB00D40A84 = {
						CreatedOnToolsVersion = 16.4;
					};
					F84155842DEAA1ED00D40A84 = {
						CreatedOnToolsVersion = 16.4;
						TestTargetID = F84155772DEAA1EB00D40A84;
					};
					F841558E2DEAA1ED00D40A84 = {
						CreatedOnToolsVersion = 16.4;
						TestTargetID = F84155772DEAA1EB00D40A84;
					};
				};
			};
			buildConfigurationList = F84155732DEAA1EB00D40A84 /* Build configuration list for PBXProject "PillManager" */;
			developmentRegion = en;
			hasScannedForEncodings = 0;
			knownRegions = (
				en,
				Base,
			);
			mainGroup = F841556F2DEAA1EB00D40A84;
			minimizedProjectReferenceProxies = 1;
			preferredProjectObjectVersion = 77;
			productRefGroup = F84155792DEAA1EB00D40A84 /* Products */;
			projectDirPath = "";
			projectRoot = "";
			targets = (
				F84155772DEAA1EB00D40A84 /* PillManager */,
				F84155842DEAA1ED00D40A84 /* PillManagerTests */,
				F841558E2DEAA1ED00D40A84 /* PillManagerUITests */,
			);
		};
/* End PBXProject section */

/* Begin PBXResourcesBuildPhase section */
		F84155762DEAA1EB00D40A84 /* Resources */ = {
			isa = PBXResourcesBuildPhase;
			buildActionMask = 2147483647;
			files = (
			);
			runOnlyForDeploymentPostprocessing = 0;
		};
		F84155832DEAA1ED00D40A84 /* Resources */ = {
			isa = PBXResourcesBuildPhase;
			buildActionMask = 2147483647;
			files = (
			);
			runOnlyForDeploymentPostprocessing = 0;
		};
		F841558D2DEAA1ED00D40A84 /* Resources */ = {
			isa = PBXResourcesBuildPhase;
			buildActionMask = 2147483647;
			files = (
			);
			runOnlyForDeploymentPostprocessing = 0;
		};
/* End PBXResourcesBuildPhase section */

/* Begin PBXSourcesBuildPhase section */
		F84155742DEAA1EB00D40A84 /* Sources */ = {
			isa = PBXSourcesBuildPhase;
			buildActionMask = 2147483647;
			files = (
			);
			runOnlyForDeploymentPostprocessing = 0;
		};
		F84155812DEAA1ED00D40A84 /* Sources */ = {
			isa = PBXSourcesBuildPhase;
			buildActionMask = 2147483647;
			files = (
			);
			runOnlyForDeploymentPostprocessing = 0;
		};
		F841558B2DEAA1ED00D40A84 /* Sources */ = {
			isa = PBXSourcesBuildPhase;
			buildActionMask = 2147483647;
			files = (
			);
			runOnlyForDeploymentPostprocessing = 0;
		};
/* End PBXSourcesBuildPhase section */

/* Begin PBXTargetDependency section */
		F84155872DEAA1ED00D40A84 /* PBXTargetDependency */ = {
			isa = PBXTargetDependency;
			target = F84155772DEAA1EB00D40A84 /* PillManager */;
			targetProxy = F84155862DEAA1ED00D40A84 /* PBXContainerItemProxy */;
		};
		F84155912DEAA1ED00D40A84 /* PBXTargetDependency */ = {
			isa = PBXTargetDependency;
			target = F84155772DEAA1EB00D40A84 /* PillManager */;
			targetProxy = F84155902DEAA1ED00D40A84 /* PBXContainerItemProxy */;
		};
/* End PBXTargetDependency section */

/* Begin XCBuildConfiguration section */
		F84155972DEAA1ED00D40A84 /* Debug */ = {
			isa = XCBuildConfiguration;
			buildSettings = {
				ALWAYS_SEARCH_USER_PATHS = NO;
				ASSETCATALOG_COMPILER_GENERATE_SWIFT_ASSET_SYMBOL_EXTENSIONS = YES;
				CLANG_ANALYZER_NONNULL = YES;
				CLANG_ANALYZER_NUMBER_OBJECT_CONVERSION = YES_AGGRESSIVE;
				CLANG_CXX_LANGUAGE_STANDARD = "gnu++20";
				CLANG_ENABLE_MODULES = YES;
				CLANG_ENABLE_OBJC_ARC = YES;
				CLANG_ENABLE_OBJC_WEAK = YES;
				CLANG_WARN_BLOCK_CAPTURE_AUTORELEASING = YES;
				CLANG_WARN_BOOL_CONVERSION = YES;
				CLANG_WARN_COMMA = YES;
				CLANG_WARN_CONSTANT_CONVERSION = YES;
				CLANG_WARN_DEPRECATED_OBJC_IMPLEMENTATIONS = YES;
				CLANG_WARN_DIRECT_OBJC_ISA_USAGE = YES_ERROR;
				CLANG_WARN_DOCUMENTATION_COMMENTS = YES;
				CLANG_WARN_EMPTY_BODY = YES;
				CLANG_WARN_ENUM_CONVERSION = YES;
				CLANG_WARN_INFINITE_RECURSION = YES;
				CLANG_WARN_INT_CONVERSION = YES;
				CLANG_WARN_NON_LITERAL_NULL_CONVERSION = YES;
				CLANG_WARN_OBJC_IMPLICIT_RETAIN_SELF = YES;
				CLANG_WARN_OBJC_LITERAL_CONVERSION = YES;
				CLANG_WARN_OBJC_ROOT_CLASS = YES_ERROR;
				CLANG_WARN_QUOTED_INCLUDE_IN_FRAMEWORK_HEADER = YES;
				CLANG_WARN_RANGE_LOOP_ANALYSIS = YES;
				CLANG_WARN_STRICT_PROTOTYPES = YES;
				CLANG_WARN_SUSPICIOUS_MOVE = YES;
				CLANG_WARN_UNGUARDED_AVAILABILITY = YES_AGGRESSIVE;
				CLANG_WARN_UNREACHABLE_CODE = YES;
				CLANG_WARN__DUPLICATE_METHOD_MATCH = YES;
				COPY_PHASE_STRIP = NO;
				DEBUG_INFORMATION_FORMAT = dwarf;
				ENABLE_STRICT_OBJC_MSGSEND = YES;
				ENABLE_TESTABILITY = YES;
				ENABLE_USER_SCRIPT_SANDBOXING = YES;
				GCC_C_LANGUAGE_STANDARD = gnu17;
				GCC_DYNAMIC_NO_PIC = NO;
				GCC_NO_COMMON_BLOCKS = YES;
				GCC_OPTIMIZATION_LEVEL = 0;
				GCC_PREPROCESSOR_DEFINITIONS = (
					"DEBUG=1",
					"$(inherited)",
				);
				GCC_WARN_64_TO_32_BIT_CONVERSION = YES;
				GCC_WARN_ABOUT_RETURN_TYPE = YES_ERROR;
				GCC_WARN_UNDECLARED_SELECTOR = YES;
				GCC_WARN_UNINITIALIZED_AUTOS = YES_AGGRESSIVE;
				GCC_WARN_UNUSED_FUNCTION = YES;
				GCC_WARN_UNUSED_VARIABLE = YES;
				IPHONEOS_DEPLOYMENT_TARGET = 18.5;
				LOCALIZATION_PREFERS_STRING_CATALOGS = YES;
				MTL_ENABLE_DEBUG_INFO = INCLUDE_SOURCE;
				MTL_FAST_MATH = YES;
				ONLY_ACTIVE_ARCH = YES;
				SDKROOT = iphoneos;
				SWIFT_ACTIVE_COMPILATION_CONDITIONS = "DEBUG $(inherited)";
				SWIFT_OPTIMIZATION_LEVEL = "-Onone";
			};
			name = Debug;
		};
		F84155982DEAA1ED00D40A84 /* Release */ = {
			isa = XCBuildConfiguration;
			buildSettings = {
				ALWAYS_SEARCH_USER_PATHS = NO;
				ASSETCATALOG_COMPILER_GENERATE_SWIFT_ASSET_SYMBOL_EXTENSIONS = YES;
				CLANG_ANALYZER_NONNULL = YES;
				CLANG_ANALYZER_NUMBER_OBJECT_CONVERSION = YES_AGGRESSIVE;
				CLANG_CXX_LANGUAGE_STANDARD = "gnu++20";
				CLANG_ENABLE_MODULES = YES;
				CLANG_ENABLE_OBJC_ARC = YES;
				CLANG_ENABLE_OBJC_WEAK = YES;
				CLANG_WARN_BLOCK_CAPTURE_AUTORELEASING = YES;
				CLANG_WARN_BOOL_CONVERSION = YES;
				CLANG_WARN_COMMA = YES;
				CLANG_WARN_CONSTANT_CONVERSION = YES;
				CLANG_WARN_DEPRECATED_OBJC_IMPLEMENTATIONS = YES;
				CLANG_WARN_DIRECT_OBJC_ISA_USAGE = YES_ERROR;
				CLANG_WARN_DOCUMENTATION_COMMENTS = YES;
				CLANG_WARN_EMPTY_BODY = YES;
				CLANG_WARN_ENUM_CONVERSION = YES;
				CLANG_WARN_INFINITE_RECURSION = YES;
				CLANG_WARN_INT_CONVERSION = YES;
				CLANG_WARN_NON_LITERAL_NULL_CONVERSION = YES;
				CLANG_WARN_OBJC_IMPLICIT_RETAIN_SELF = YES;
				CLANG_WARN_OBJC_LITERAL_CONVERSION = YES;
				CLANG_WARN_OBJC_ROOT_CLASS = YES_ERROR;
				CLANG_WARN_QUOTED_INCLUDE_IN_FRAMEWORK_HEADER = YES;
				CLANG_WARN_RANGE_LOOP_ANALYSIS = YES;
				CLANG_WARN_STRICT_PROTOTYPES = YES;
				CLANG_WARN_SUSPICIOUS_MOVE = YES;
				CLANG_WARN_UNGUARDED_AVAILABILITY = YES_AGGRESSIVE;
				CLANG_WARN_UNREACHABLE_CODE = YES;
				CLANG_WARN__DUPLICATE_METHOD_MATCH = YES;
				COPY_PHASE_STRIP = NO;
				DEBUG_INFORMATION_FORMAT = "dwarf-with-dsym";
				ENABLE_NS_ASSERTIONS = NO;
				ENABLE_STRICT_OBJC_MSGSEND = YES;
				ENABLE_USER_SCRIPT_SANDBOXING = YES;
				GCC_C_LANGUAGE_STANDARD = gnu17;
				GCC_NO_COMMON_BLOCKS = YES;
				GCC_WARN_64_TO_32_BIT_CONVERSION = YES;
				GCC_WARN_ABOUT_RETURN_TYPE = YES_ERROR;
				GCC_WARN_UNDECLARED_SELECTOR = YES;
				GCC_WARN_UNINITIALIZED_AUTOS = YES_AGGRESSIVE;
				GCC_WARN_UNUSED_FUNCTION = YES;
				GCC_WARN_UNUSED_VARIABLE = YES;
				IPHONEOS_DEPLOYMENT_TARGET = 18.5;
				LOCALIZATION_PREFERS_STRING_CATALOGS = YES;
				MTL_ENABLE_DEBUG_INFO = NO;
				MTL_FAST_MATH = YES;
				SDKROOT = iphoneos;
				SWIFT_COMPILATION_MODE = wholemodule;
				VALIDATE_PRODUCT = YES;
			};
			name = Release;
		};
		F841559A2DEAA1ED00D40A84 /* Debug */ = {
			isa = XCBuildConfiguration;
			buildSettings = {
				ASSETCATALOG_COMPILER_APPICON_NAME = AppIcon;
				ASSETCATALOG_COMPILER_GLOBAL_ACCENT_COLOR_NAME = AccentColor;
				CODE_SIGN_STYLE = Automatic;
				CURRENT_PROJECT_VERSION = 1;
				ENABLE_PREVIEWS = YES;
				GENERATE_INFOPLIST_FILE = YES;
				INFOPLIST_FILE = PillManager/Info.plist;
				INFOPLIST_KEY_UIApplicationSceneManifest_Generation = YES;
				INFOPLIST_KEY_UIApplicationSupportsIndirectInputEvents = YES;
				INFOPLIST_KEY_UILaunchScreen_Generation = YES;
				INFOPLIST_KEY_UISupportedInterfaceOrientations_iPad = "UIInterfaceOrientationPortrait UIInterfaceOrientationPortraitUpsideDown UIInterfaceOrientationLandscapeLeft UIInterfaceOrientationLandscapeRight";
				INFOPLIST_KEY_UISupportedInterfaceOrientations_iPhone = "UIInterfaceOrientationPortrait UIInterfaceOrientationLandscapeLeft UIInterfaceOrientationLandscapeRight";
				LD_RUNPATH_SEARCH_PATHS = (
					"$(inherited)",
					"@executable_path/Frameworks",
				);
				MARKETING_VERSION = 1.0;
				PRODUCT_BUNDLE_IDENTIFIER = me.younsu.park.PillManager;
				PRODUCT_NAME = "$(TARGET_NAME)";
				SWIFT_EMIT_LOC_STRINGS = YES;
				SWIFT_VERSION = 5.0;
				TARGETED_DEVICE_FAMILY = "1,2";
			};
			name = Debug;
		};
		F841559B2DEAA1ED00D40A84 /* Release */ = {
			isa = XCBuildConfiguration;
			buildSettings = {
				ASSETCATALOG_COMPILER_APPICON_NAME = AppIcon;
				ASSETCATALOG_COMPILER_GLOBAL_ACCENT_COLOR_NAME = AccentColor;
				CODE_SIGN_STYLE = Automatic;
				CURRENT_PROJECT_VERSION = 1;
				ENABLE_PREVIEWS = YES;
				GENERATE_INFOPLIST_FILE = YES;
				INFOPLIST_FILE = PillManager/Info.plist;
				INFOPLIST_KEY_UIApplicationSceneManifest_Generation = YES;
				INFOPLIST_KEY_UIApplicationSupportsIndirectInputEvents = YES;
				INFOPLIST_KEY_UILaunchScreen_Generation = YES;
				INFOPLIST_KEY_UISupportedInterfaceOrientations_iPad = "UIInterfaceOrientationPortrait UIInterfaceOrientationPortraitUpsideDown UIInterfaceOrientationLandscapeLeft UIInterfaceOrientationLandscapeRight";
				INFOPLIST_KEY_UISupportedInterfaceOrientations_iPhone = "UIInterfaceOrientationPortrait UIInterfaceOrientationLandscapeLeft UIInterfaceOrientationLandscapeRight";
				LD_RUNPATH_SEARCH_PATHS = (
					"$(inherited)",
					"@executable_path/Frameworks",
				);
				MARKETING_VERSION = 1.0;
				PRODUCT_BUNDLE_IDENTIFIER = me.younsu.park.PillManager;
				PRODUCT_NAME = "$(TARGET_NAME)";
				SWIFT_EMIT_LOC_STRINGS = YES;
				SWIFT_VERSION = 5.0;
				TARGETED_DEVICE_FAMILY = "1,2";
			};
			name = Release;
		};
		F841559D2DEAA1ED00D40A84 /* Debug */ = {
			isa = XCBuildConfiguration;
			buildSettings = {
				BUNDLE_LOADER = "$(TEST_HOST)";
				CODE_SIGN_STYLE = Automatic;
				CURRENT_PROJECT_VERSION = 1;
				GENERATE_INFOPLIST_FILE = YES;
				IPHONEOS_DEPLOYMENT_TARGET = 18.5;
				MARKETING_VERSION = 1.0;
				PRODUCT_BUNDLE_IDENTIFIER = me.younsu.park.PillManagerTests;
				PRODUCT_NAME = "$(TARGET_NAME)";
				SWIFT_EMIT_LOC_STRINGS = NO;
				SWIFT_VERSION = 5.0;
				TARGETED_DEVICE_FAMILY = "1,2";
				TEST_HOST = "$(BUILT_PRODUCTS_DIR)/PillManager.app/$(BUNDLE_EXECUTABLE_FOLDER_PATH)/PillManager";
			};
			name = Debug;
		};
		F841559E2DEAA1ED00D40A84 /* Release */ = {
			isa = XCBuildConfiguration;
			buildSettings = {
				BUNDLE_LOADER = "$(TEST_HOST)";
				CODE_SIGN_STYLE = Automatic;
				CURRENT_PROJECT_VERSION = 1;
				GENERATE_INFOPLIST_FILE = YES;
				IPHONEOS_DEPLOYMENT_TARGET = 18.5;
				MARKETING_VERSION = 1.0;
				PRODUCT_BUNDLE_IDENTIFIER = me.younsu.park.PillManagerTests;
				PRODUCT_NAME = "$(TARGET_NAME)";
				SWIFT_EMIT_LOC_STRINGS = NO;
				SWIFT_VERSION = 5.0;
				TARGETED_DEVICE_FAMILY = "1,2";
				TEST_HOST = "$(BUILT_PRODUCTS_DIR)/PillManager.app/$(BUNDLE_EXECUTABLE_FOLDER_PATH)/PillManager";
			};
			name = Release;
		};
		F84155A02DEAA1ED00D40A84 /* Debug */ = {
			isa = XCBuildConfiguration;
			buildSettings = {
				CODE_SIGN_STYLE = Automatic;
				CURRENT_PROJECT_VERSION = 1;
				GENERATE_INFOPLIST_FILE = YES;
				MARKETING_VERSION = 1.0;
				PRODUCT_BUNDLE_IDENTIFIER = me.younsu.park.PillManagerUITests;
				PRODUCT_NAME = "$(TARGET_NAME)";
				SWIFT_EMIT_LOC_STRINGS = NO;
				SWIFT_VERSION = 5.0;
				TARGETED_DEVICE_FAMILY = "1,2";
				TEST_TARGET_NAME = PillManager;
			};
			name = Debug;
		};
		F84155A12DEAA1ED00D40A84 /* Release */ = {
			isa = XCBuildConfiguration;
			buildSettings = {
				CODE_SIGN_STYLE = Automatic;
				CURRENT_PROJECT_VERSION = 1;
				GENERATE_INFOPLIST_FILE = YES;
				MARKETING_VERSION = 1.0;
				PRODUCT_BUNDLE_IDENTIFIER = me.younsu.park.PillManagerUITests;
				PRODUCT_NAME = "$(TARGET_NAME)";
				SWIFT_EMIT_LOC_STRINGS = NO;
				SWIFT_VERSION = 5.0;
				TARGETED_DEVICE_FAMILY = "1,2";
				TEST_TARGET_NAME = PillManager;
			};
			name = Release;
		};
/* End XCBuildConfiguration section */

/* Begin XCConfigurationList section */
		F84155732DEAA1EB00D40A84 /* Build configuration list for PBXProject "PillManager" */ = {
			isa = XCConfigurationList;
			buildConfigurations = (
				F84155972DEAA1ED00D40A84 /* Debug */,
				F84155982DEAA1ED00D40A84 /* Release */,
			);
			defaultConfigurationIsVisible = 0;
			defaultConfigurationName = Release;
		};
		F84155992DEAA1ED00D40A84 /* Build configuration list for PBXNativeTarget "PillManager" */ = {
			isa = XCConfigurationList;
			buildConfigurations = (
				F841559A2DEAA1ED00D40A84 /* Debug */,
				F841559B2DEAA1ED00D40A84 /* Release */,
			);
			defaultConfigurationIsVisible = 0;
			defaultConfigurationName = Release;
		};
		F841559C2DEAA1ED00D40A84 /* Build configuration list for PBXNativeTarget "PillManagerTests" */ = {
			isa = XCConfigurationList;
			buildConfigurations = (
				F841559D2DEAA1ED00D40A84 /* Debug */,
				F841559E2DEAA1ED00D40A84 /* Release */,
			);
			defaultConfigurationIsVisible = 0;
			defaultConfigurationName = Release;
		};
		F841559F2DEAA1ED00D40A84 /* Build configuration list for PBXNativeTarget "PillManagerUITests" */ = {
			isa = XCConfigurationList;
			buildConfigurations = (
				F84155A02DEAA1ED00D40A84 /* Debug */,
				F84155A12DEAA1ED00D40A84 /* Release */,
			);
			defaultConfigurationIsVisible = 0;
			defaultConfigurationName = Release;
		};
/* End XCConfigurationList section */
	};
	rootObject = F84155702DEAA1EB00D40A84 /* Project object */;
}
